
Microsoft Visual Studio Solution File, Format Version 12.00
# Visual Studio Version 16
VisualStudioVersion = 16.0.30907.101
MinimumVisualStudioVersion = 10.0.40219.1
Project("{9A19103F-16F7-4668-BE54-9A1E7A4F7556}") = "Tomi.Notification.AspNetCore", "Tomi.Notification.AspNetCore\Tomi.Notification.AspNetCore.csproj", "{5BA54D07-F062-4DE1-ACFA-6DE636E8AE3D}"
EndProject
Project("{9A19103F-16F7-4668-BE54-9A1E7A4F7556}") = "Tomi.Notification.Blazor", "Tomi.Notification.Blazor\Tomi.Notification.Blazor.csproj", "{61356079-E003-4ED4-8C3C-1F1DF19ED8BC}"
EndProject
Project("{9A19103F-16F7-4668-BE54-9A1E7A4F7556}") = "Tomi.Notification.Core", "Tomi.Notification.Core\Tomi.Notification.Core.csproj", "{68632B0D-351F-4F82-AB0C-347A8AEBD151}"
EndProject
Global
	GlobalSection(SolutionConfigurationPlatforms) = preSolution
		Debug|Any CPU = Debug|Any CPU
		Release|Any CPU = Release|Any CPU
	EndGlobalSection
	GlobalSection(ProjectConfigurationPlatforms) = postSolution
		{5BA54D07-F062-4DE1-ACFA-6DE636E8AE3D}.Debug|Any CPU.ActiveCfg = Debug|Any CPU
		{5BA54D07-F062-4DE1-ACFA-6DE636E8AE3D}.Debug|Any CPU.Build.0 = Debug|Any CPU
		{5BA54D07-F062-4DE1-ACFA-6DE636E8AE3D}.Release|Any CPU.ActiveCfg = Release|Any CPU
		{5BA54D07-F062-4DE1-ACFA-6DE636E8AE3D}.Release|Any CPU.Build.0 = Release|Any CPU
		{61356079-E003-4ED4-8C3C-1F1DF19ED8BC}.Debug|Any CPU.ActiveCfg = Debug|Any CPU
		{61356079-E003-4ED4-8C3C-1F1DF19ED8BC}.Debug|Any CPU.Build.0 = Debug|Any CPU
		{61356079-E003-4ED4-8C3C-1F1DF19ED8BC}.Release|Any CPU.ActiveCfg = Release|Any CPU
		{61356079-E003-4ED4-8C3C-1F1DF19ED8BC}.Release|Any CPU.Build.0 = Release|Any CPU
		{68632B0D-351F-4F82-AB0C-347A8AEBD151}.Debug|Any CPU.ActiveCfg = Debug|Any CPU
		{68632B0D-351F-4F82-AB0C-347A8AEBD151}.Debug|Any CPU.Build.0 = Debug|Any CPU
		{68632B0D-351F-4F82-AB0C-347A8AEBD151}.Release|Any CPU.ActiveCfg = Release|Any CPU
		{68632B0D-351F-4F82-AB0C-347A8AEBD151}.Release|Any CPU.Build.0 = Release|Any CPU
	EndGlobalSection
	GlobalSection(SolutionProperties) = preSolution
		HideSolutionNode = FALSE
	EndGlobalSection
	GlobalSection(ExtensibilityGlobals) = postSolution
		SolutionGuid = {792F2AF8-F233-4E7C-B2A5-8C4DF55683B4}
	EndGlobalSection
EndGlobal
